
Microsoft Visual Studio Solution File, Format Version 12.00
# Visual Studio Version 17
VisualStudioVersion = 17.0.31919.166
MinimumVisualStudioVersion = 10.0.40219.1
Project("{2150E333-8FDC-42A3-9474-1A3956D46DE8}") = "samples", "samples", "{102C08D6-6027-41EC-9706-37175C4F82C9}"
	ProjectSection(SolutionItems) = preProject
		README.md = README.md
	EndProjectSection
EndProject
Project("{2150E333-8FDC-42A3-9474-1A3956D46DE8}") = "Scheduler", "Scheduler", "{4E101417-5594-40DD-B18A-58DC503462D3}"
EndProject
Project("{2150E333-8FDC-42A3-9474-1A3956D46DE8}") = "Webs", "Webs", "{09D3D243-45F3-493F-B88B-F675F983B90E}"
EndProject
Project("{9A19103F-16F7-4668-BE54-9A1E7A4F7556}") = "Application", "samples\Webs\Application\Application.csproj", "{6021257B-A6E5-432C-91A5-8023364B1337}"
EndProject
Project("{9A19103F-16F7-4668-BE54-9A1E7A4F7556}") = "Domain", "samples\Webs\Domain\Domain.csproj", "{5951E2B2-6453-497B-B1EE-74DE15844B3F}"
EndProject
Project("{9A19103F-16F7-4668-BE54-9A1E7A4F7556}") = "Repository", "samples\Webs\Repository\Repository.csproj", "{18EFD446-2BE9-466D-B07C-CBD751EBE2F2}"
EndProject
Project("{9A19103F-16F7-4668-BE54-9A1E7A4F7556}") = "Web", "samples\Webs\Web\Web.csproj", "{03F8809B-EF42-455A-9E34-318471A66EAE}"
EndProject
Project("{9A19103F-16F7-4668-BE54-9A1E7A4F7556}") = "Job", "samples\Scheduler\Job\Job.csproj", "{405415DD-7686-4B5E-BB55-3E20287B8416}"
EndProject
Project("{2150E333-8FDC-42A3-9474-1A3956D46DE8}") = "src", "src", "{E6B22AD9-EC6E-4582-9037-F87F85D97E16}"
EndProject
Project("{9A19103F-16F7-4668-BE54-9A1E7A4F7556}") = "Frame.Core", "src\Frame.Core\Frame.Core.csproj", "{E822C71B-EA64-4C00-8F9A-B1E5EF465021}"
EndProject
Project("{9A19103F-16F7-4668-BE54-9A1E7A4F7556}") = "Frame.Redis", "src\Frame.Redis\Frame.Redis.csproj", "{781C91AB-EFC1-4A61-80F5-FFD6300D75FE}"
EndProject
Project("{9A19103F-16F7-4668-BE54-9A1E7A4F7556}") = "Frame.Repository", "src\Frame.Repository\Frame.Repository.csproj", "{CC487D82-BE98-4C0B-8E7E-A9138A8AF765}"
EndProject
Project("{9A19103F-16F7-4668-BE54-9A1E7A4F7556}") = "Frame.Repository.Mysql", "src\Frame.Repository.Mysql\Frame.Repository.Mysql.csproj", "{20B62394-2472-4198-B8A7-7EB5722274E9}"
EndProject
Project("{9A19103F-16F7-4668-BE54-9A1E7A4F7556}") = "Frame.Repository.SQLServer", "src\Frame.Repository.SQLServer\Frame.Repository.SQLServer.csproj", "{53CA9326-545A-41D7-9170-62D1A287F4D0}"
EndProject
Project("{9A19103F-16F7-4668-BE54-9A1E7A4F7556}") = "Frame.Scheduler", "src\Frame.Scheduler\Frame.Scheduler.csproj", "{2A6C3469-23A3-49E1-9B74-5F62BF2A001E}"
EndProject
Project("{2150E333-8FDC-42A3-9474-1A3956D46DE8}") = "Test", "Test", "{667D6163-B410-4AC9-9B8E-16A97EF643F7}"
EndProject
Project("{9A19103F-16F7-4668-BE54-9A1E7A4F7556}") = "TestUnit", "Test\TestUnit\TestUnit.csproj", "{48843A25-37F2-4F5E-9380-C6A68000D91F}"
EndProject
Project("{9A19103F-16F7-4668-BE54-9A1E7A4F7556}") = "Frame.EventBus", "src\Frame.EventBus\Frame.EventBus.csproj", "{BD9A3074-640E-4C91-A742-4F36B650D4AA}"
EndProject
Project("{FAE04EC0-301F-11D3-BF4B-00C04F79EFBC}") = "Infrastructure", "samples\Webs\Infrastructure\Infrastructure.csproj", "{C2695E64-E409-4453-B4A2-7C28A0E97D62}"
EndProject
Global
	GlobalSection(SolutionConfigurationPlatforms) = preSolution
		Debug|Any CPU = Debug|Any CPU
		Release|Any CPU = Release|Any CPU
	EndGlobalSection
	GlobalSection(ProjectConfigurationPlatforms) = postSolution
		{6021257B-A6E5-432C-91A5-8023364B1337}.Debug|Any CPU.ActiveCfg = Debug|Any CPU
		{6021257B-A6E5-432C-91A5-8023364B1337}.Debug|Any CPU.Build.0 = Debug|Any CPU
		{6021257B-A6E5-432C-91A5-8023364B1337}.Release|Any CPU.ActiveCfg = Release|Any CPU
		{6021257B-A6E5-432C-91A5-8023364B1337}.Release|Any CPU.Build.0 = Release|Any CPU
		{5951E2B2-6453-497B-B1EE-74DE15844B3F}.Debug|Any CPU.ActiveCfg = Debug|Any CPU
		{5951E2B2-6453-497B-B1EE-74DE15844B3F}.Debug|Any CPU.Build.0 = Debug|Any CPU
		{5951E2B2-6453-497B-B1EE-74DE15844B3F}.Release|Any CPU.ActiveCfg = Release|Any CPU
		{5951E2B2-6453-497B-B1EE-74DE15844B3F}.Release|Any CPU.Build.0 = Release|Any CPU
		{18EFD446-2BE9-466D-B07C-CBD751EBE2F2}.Debug|Any CPU.ActiveCfg = Debug|Any CPU
		{18EFD446-2BE9-466D-B07C-CBD751EBE2F2}.Debug|Any CPU.Build.0 = Debug|Any CPU
		{18EFD446-2BE9-466D-B07C-CBD751EBE2F2}.Release|Any CPU.ActiveCfg = Release|Any CPU
		{18EFD446-2BE9-466D-B07C-CBD751EBE2F2}.Release|Any CPU.Build.0 = Release|Any CPU
		{03F8809B-EF42-455A-9E34-318471A66EAE}.Debug|Any CPU.ActiveCfg = Debug|Any CPU
		{03F8809B-EF42-455A-9E34-318471A66EAE}.Debug|Any CPU.Build.0 = Debug|Any CPU
		{03F8809B-EF42-455A-9E34-318471A66EAE}.Release|Any CPU.ActiveCfg = Release|Any CPU
		{03F8809B-EF42-455A-9E34-318471A66EAE}.Release|Any CPU.Build.0 = Release|Any CPU
		{405415DD-7686-4B5E-BB55-3E20287B8416}.Debug|Any CPU.ActiveCfg = Debug|Any CPU
		{405415DD-7686-4B5E-BB55-3E20287B8416}.Debug|Any CPU.Build.0 = Debug|Any CPU
		{405415DD-7686-4B5E-BB55-3E20287B8416}.Release|Any CPU.ActiveCfg = Release|Any CPU
		{405415DD-7686-4B5E-BB55-3E20287B8416}.Release|Any CPU.Build.0 = Release|Any CPU
		{E822C71B-EA64-4C00-8F9A-B1E5EF465021}.Debug|Any CPU.ActiveCfg = Debug|Any CPU
		{E822C71B-EA64-4C00-8F9A-B1E5EF465021}.Debug|Any CPU.Build.0 = Debug|Any CPU
		{E822C71B-EA64-4C00-8F9A-B1E5EF465021}.Release|Any CPU.ActiveCfg = Release|Any CPU
		{E822C71B-EA64-4C00-8F9A-B1E5EF465021}.Release|Any CPU.Build.0 = Release|Any CPU
		{781C91AB-EFC1-4A61-80F5-FFD6300D75FE}.Debug|Any CPU.ActiveCfg = Debug|Any CPU
		{781C91AB-EFC1-4A61-80F5-FFD6300D75FE}.Debug|Any CPU.Build.0 = Debug|Any CPU
		{781C91AB-EFC1-4A61-80F5-FFD6300D75FE}.Release|Any CPU.ActiveCfg = Release|Any CPU
		{781C91AB-EFC1-4A61-80F5-FFD6300D75FE}.Release|Any CPU.Build.0 = Release|Any CPU
		{CC487D82-BE98-4C0B-8E7E-A9138A8AF765}.Debug|Any CPU.ActiveCfg = Debug|Any CPU
		{CC487D82-BE98-4C0B-8E7E-A9138A8AF765}.Debug|Any CPU.Build.0 = Debug|Any CPU
		{CC487D82-BE98-4C0B-8E7E-A9138A8AF765}.Release|Any CPU.ActiveCfg = Release|Any CPU
		{CC487D82-BE98-4C0B-8E7E-A9138A8AF765}.Release|Any CPU.Build.0 = Release|Any CPU
		{20B62394-2472-4198-B8A7-7EB5722274E9}.Debug|Any CPU.ActiveCfg = Debug|Any CPU
		{20B62394-2472-4198-B8A7-7EB5722274E9}.Debug|Any CPU.Build.0 = Debug|Any CPU
		{20B62394-2472-4198-B8A7-7EB5722274E9}.Release|Any CPU.ActiveCfg = Release|Any CPU
		{20B62394-2472-4198-B8A7-7EB5722274E9}.Release|Any CPU.Build.0 = Release|Any CPU
		{53CA9326-545A-41D7-9170-62D1A287F4D0}.Debug|Any CPU.ActiveCfg = Debug|Any CPU
		{53CA9326-545A-41D7-9170-62D1A287F4D0}.Debug|Any CPU.Build.0 = Debug|Any CPU
		{53CA9326-545A-41D7-9170-62D1A287F4D0}.Release|Any CPU.ActiveCfg = Release|Any CPU
		{53CA9326-545A-41D7-9170-62D1A287F4D0}.Release|Any CPU.Build.0 = Release|Any CPU
		{2A6C3469-23A3-49E1-9B74-5F62BF2A001E}.Debug|Any CPU.ActiveCfg = Debug|Any CPU
		{2A6C3469-23A3-49E1-9B74-5F62BF2A001E}.Debug|Any CPU.Build.0 = Debug|Any CPU
		{2A6C3469-23A3-49E1-9B74-5F62BF2A001E}.Release|Any CPU.ActiveCfg = Release|Any CPU
		{2A6C3469-23A3-49E1-9B74-5F62BF2A001E}.Release|Any CPU.Build.0 = Release|Any CPU
		{48843A25-37F2-4F5E-9380-C6A68000D91F}.Debug|Any CPU.ActiveCfg = Debug|Any CPU
		{48843A25-37F2-4F5E-9380-C6A68000D91F}.Debug|Any CPU.Build.0 = Debug|Any CPU
		{48843A25-37F2-4F5E-9380-C6A68000D91F}.Release|Any CPU.ActiveCfg = Release|Any CPU
		{48843A25-37F2-4F5E-9380-C6A68000D91F}.Release|Any CPU.Build.0 = Release|Any CPU
		{BD9A3074-640E-4C91-A742-4F36B650D4AA}.Debug|Any CPU.ActiveCfg = Debug|Any CPU
		{BD9A3074-640E-4C91-A742-4F36B650D4AA}.Debug|Any CPU.Build.0 = Debug|Any CPU
		{BD9A3074-640E-4C91-A742-4F36B650D4AA}.Release|Any CPU.ActiveCfg = Release|Any CPU
		{BD9A3074-640E-4C91-A742-4F36B650D4AA}.Release|Any CPU.Build.0 = Release|Any CPU
		{C2695E64-E409-4453-B4A2-7C28A0E97D62}.Debug|Any CPU.ActiveCfg = Debug|Any CPU
		{C2695E64-E409-4453-B4A2-7C28A0E97D62}.Debug|Any CPU.Build.0 = Debug|Any CPU
		{C2695E64-E409-4453-B4A2-7C28A0E97D62}.Release|Any CPU.ActiveCfg = Release|Any CPU
		{C2695E64-E409-4453-B4A2-7C28A0E97D62}.Release|Any CPU.Build.0 = Release|Any CPU
	EndGlobalSection
	GlobalSection(SolutionProperties) = preSolution
		HideSolutionNode = FALSE
	EndGlobalSection
	GlobalSection(NestedProjects) = preSolution
		{4E101417-5594-40DD-B18A-58DC503462D3} = {102C08D6-6027-41EC-9706-37175C4F82C9}
		{09D3D243-45F3-493F-B88B-F675F983B90E} = {102C08D6-6027-41EC-9706-37175C4F82C9}
		{6021257B-A6E5-432C-91A5-8023364B1337} = {09D3D243-45F3-493F-B88B-F675F983B90E}
		{5951E2B2-6453-497B-B1EE-74DE15844B3F} = {09D3D243-45F3-493F-B88B-F675F983B90E}
		{18EFD446-2BE9-466D-B07C-CBD751EBE2F2} = {09D3D243-45F3-493F-B88B-F675F983B90E}
		{03F8809B-EF42-455A-9E34-318471A66EAE} = {09D3D243-45F3-493F-B88B-F675F983B90E}
		{405415DD-7686-4B5E-BB55-3E20287B8416} = {4E101417-5594-40DD-B18A-58DC503462D3}
		{E822C71B-EA64-4C00-8F9A-B1E5EF465021} = {E6B22AD9-EC6E-4582-9037-F87F85D97E16}
		{781C91AB-EFC1-4A61-80F5-FFD6300D75FE} = {E6B22AD9-EC6E-4582-9037-F87F85D97E16}
		{CC487D82-BE98-4C0B-8E7E-A9138A8AF765} = {E6B22AD9-EC6E-4582-9037-F87F85D97E16}
		{20B62394-2472-4198-B8A7-7EB5722274E9} = {E6B22AD9-EC6E-4582-9037-F87F85D97E16}
		{53CA9326-545A-41D7-9170-62D1A287F4D0} = {E6B22AD9-EC6E-4582-9037-F87F85D97E16}
		{2A6C3469-23A3-49E1-9B74-5F62BF2A001E} = {E6B22AD9-EC6E-4582-9037-F87F85D97E16}
		{48843A25-37F2-4F5E-9380-C6A68000D91F} = {667D6163-B410-4AC9-9B8E-16A97EF643F7}
		{BD9A3074-640E-4C91-A742-4F36B650D4AA} = {E6B22AD9-EC6E-4582-9037-F87F85D97E16}
		{C2695E64-E409-4453-B4A2-7C28A0E97D62} = {09D3D243-45F3-493F-B88B-F675F983B90E}
	EndGlobalSection
	GlobalSection(ExtensibilityGlobals) = postSolution
		SolutionGuid = {FCD8B565-E0E2-497C-A98D-0547560DB8B7}
	EndGlobalSection
EndGlobal
